PODS:
  - Parchment (1.6.0)
  - Realm (3.14.1):
    - Realm/Headers (= 3.14.1)
  - Realm/Headers (3.14.1)
  - RealmSwift (3.14.1):
    - Realm (= 3.14.1)
  - SwiftLint (0.31.0)

DEPENDENCIES:
  - Parchment
  - RealmSwift
  - SwiftLint

SPEC REPOS:
  https://github.com/cocoapods/specs.git:
    - Parchment
    - Realm
    - RealmSwift
    - SwiftLint

SPEC CHECKSUMS:
  Parchment: d3a7b367c529fa6ef51aa43f5717a7ff36d4b1f5
  Realm: e12c9c2387d05c5bba3a9c394838f5870e85763b
  RealmSwift: a82eab9b04c3e1616082c7e17aa300740847769c
  SwiftLint: 7a0227733d786395817373b2d0ca799fd0093ff3

PODFILE CHECKSUM: ef59a4ba7843b6fb300e643df3b8e84bbfba0d27

COCOAPODS: 1.6.1
