PODS:
  - Parchment (1.7.0)
  - Realm (4.1.1):
    - Realm/Headers (= 4.1.1)
  - Realm/Headers (4.1.1)
  - RealmSwift (4.1.1):
    - Realm (= 4.1.1)
  - SwiftFormat/CLI (0.42.0)
  - SwiftLint (0.38.0)

DEPENDENCIES:
  - Parchment (~> 1.7.0)
  - RealmSwift (~> 4.1.1)
  - SwiftFormat/CLI (~> 0.42.0)
  - SwiftLint (~> 0.38.0)

SPEC REPOS:
  trunk:
    - Parchment
    - Realm
    - RealmSwift
    - SwiftFormat
    - SwiftLint

SPEC CHECKSUMS:
  Parchment: cae686f73685d16742cec9c19239b7578a15f0f5
  Realm: 25f0a8244cbb1c2271c922963ea8666fc2d8104d
  RealmSwift: 9e2657b33764f80e4a4dffd6d440e24715782052
  SwiftFormat: 5faa819600268dfaa5c19f1359730883db151678
  SwiftLint: 4105f061f9812b214568b736dab580ab2c73a582

PODFILE CHECKSUM: ca4bb820ef500bc6da61afbac25300a61d3ed9e3

COCOAPODS: 1.8.4
